
Microsoft Visual Studio Solution File, Format Version 12.00
# Visual Studio Version 16
VisualStudioVersion = 16.0.29728.190
MinimumVisualStudioVersion = 10.0.40219.1
Project("{FAE04EC0-301F-11D3-BF4B-00C04F79EFBC}") = "FolsomiaSystem.Api", "FolsomiaSystem.Api\FolsomiaSystem.Api.csproj", "{9E70F618-E6D0-4045-B191-4EBC7B33CCED}"
EndProject
Project("{FAE04EC0-301F-11D3-BF4B-00C04F79EFBC}") = "FolsomiaSystem.Application", "FolsomiaSystem.Application\FolsomiaSystem.Application.csproj", "{5C5E0CE6-04F9-4876-91E2-50C48E5904CB}"
EndProject
Project("{FAE04EC0-301F-11D3-BF4B-00C04F79EFBC}") = "FolsomiaSystem.Domain", "FolsomiaSystem.Domain\FolsomiaSystem.Domain.csproj", "{01DD0957-C884-4DD0-BE5A-8B9F8D7DF186}"
EndProject
Project("{FAE04EC0-301F-11D3-BF4B-00C04F79EFBC}") = "FolsomiaSystem.Infra.Data", "FolsomiaSystem.Infra.Data\FolsomiaSystem.Infra.Data.csproj", "{601CDE8B-48BC-4AC6-BC5E-8DC3E3DB9D34}"
EndProject
Project("{FAE04EC0-301F-11D3-BF4B-00C04F79EFBC}") = "FolsomiaSystem.Infra.ES.FolsomiaCountJob", "FolsomiaSystem.Infra.ExternalServices.FolsomiaCountJob\FolsomiaSystem.Infra.ES.FolsomiaCountJob.csproj", "{F93D739B-9E24-417E-87D6-F1D051296549}"
EndProject
Project("{9A19103F-16F7-4668-BE54-9A1E7A4F7556}") = "FolsomiaSystem.Tests", "FolsomiaSystem.Tests\FolsomiaSystem.Tests.csproj", "{5EF830BE-7563-428A-B1C8-9C540A5D8052}"
EndProject
Project("{9A19103F-16F7-4668-BE54-9A1E7A4F7556}") = "FolsomiaSystem.Infra.Caching", "FolsomiaSystem.Infra.Caching\FolsomiaSystem.Infra.Caching.csproj", "{AF08326C-BC22-4445-9128-134FC0D441CB}"
EndProject
Project("{2150E333-8FDC-42A3-9474-1A3956D46DE8}") = "4. FolsomiaSystem.Infra", "4. FolsomiaSystem.Infra", "{DA7DB318-7867-4E02-A750-54F1D6D2C169}"
EndProject
Project("{2150E333-8FDC-42A3-9474-1A3956D46DE8}") = "1. FolsomiaSystem.Presentation", "1. FolsomiaSystem.Presentation", "{F6DFAE66-832F-409B-ABF3-E7B1A0807742}"
EndProject
Project("{2150E333-8FDC-42A3-9474-1A3956D46DE8}") = "4.1 Data", "4.1 Data", "{AE7C2733-1D93-4894-84E6-3710AEDDB7C5}"
EndProject
Project("{2150E333-8FDC-42A3-9474-1A3956D46DE8}") = "4.4 Caching", "4.4 Caching", "{047A8D07-C19E-4292-8E08-62787F3BC838}"
EndProject
Project("{2150E333-8FDC-42A3-9474-1A3956D46DE8}") = "4.3 ExternalServices", "4.3 ExternalServices", "{F4ED4598-C562-42D7-BCB7-ADF40335E811}"
EndProject
Project("{2150E333-8FDC-42A3-9474-1A3956D46DE8}") = "2. FolsomiaSystem.Application", "2. FolsomiaSystem.Application", "{80BC2EFC-D13A-4AF5-92FA-8E94167FE1BC}"
EndProject
Project("{2150E333-8FDC-42A3-9474-1A3956D46DE8}") = "3. FolsomiaSystem.Domain", "3. FolsomiaSystem.Domain", "{39370E9B-7CB6-4567-AF92-1CF7ADD700BA}"
EndProject
Project("{2150E333-8FDC-42A3-9474-1A3956D46DE8}") = "5. FolsomiaSystem.Tests", "5. FolsomiaSystem.Tests", "{01E5B263-D63F-424E-A860-F97E6605833A}"
EndProject
Project("{FAE04EC0-301F-11D3-BF4B-00C04F79EFBC}") = "FolsomiaSystem.Infra.ES.CredentialSafe", "FolsomiaSystem.Infra.ES.CredentialSafe\FolsomiaSystem.Infra.ES.CredentialSafe.csproj", "{A7D027A1-DAB7-49E5-B974-030D4BEDE826}"
EndProject
Project("{2150E333-8FDC-42A3-9474-1A3956D46DE8}") = "4.2 IoC", "4.2 IoC", "{B425EE00-1D2E-4656-ACF0-F47C7EB24312}"
EndProject
Project("{FAE04EC0-301F-11D3-BF4B-00C04F79EFBC}") = "FolsomiaSystem.Infra.IoC", "FolsomiaSystem.Infra.ES.IoC\FolsomiaSystem.Infra.IoC.csproj", "{EC3E28D4-FC99-410A-8E4B-7FE8FF5ECAB2}"
EndProject
Global
	GlobalSection(SolutionConfigurationPlatforms) = preSolution
		Debug|Any CPU = Debug|Any CPU
		Release|Any CPU = Release|Any CPU
	EndGlobalSection
	GlobalSection(ProjectConfigurationPlatforms) = postSolution
		{9E70F618-E6D0-4045-B191-4EBC7B33CCED}.Debug|Any CPU.ActiveCfg = Debug|Any CPU
		{9E70F618-E6D0-4045-B191-4EBC7B33CCED}.Debug|Any CPU.Build.0 = Debug|Any CPU
		{9E70F618-E6D0-4045-B191-4EBC7B33CCED}.Release|Any CPU.ActiveCfg = Release|Any CPU
		{9E70F618-E6D0-4045-B191-4EBC7B33CCED}.Release|Any CPU.Build.0 = Release|Any CPU
		{5C5E0CE6-04F9-4876-91E2-50C48E5904CB}.Debug|Any CPU.ActiveCfg = Debug|Any CPU
		{5C5E0CE6-04F9-4876-91E2-50C48E5904CB}.Debug|Any CPU.Build.0 = Debug|Any CPU
		{5C5E0CE6-04F9-4876-91E2-50C48E5904CB}.Release|Any CPU.ActiveCfg = Release|Any CPU
		{5C5E0CE6-04F9-4876-91E2-50C48E5904CB}.Release|Any CPU.Build.0 = Release|Any CPU
		{01DD0957-C884-4DD0-BE5A-8B9F8D7DF186}.Debug|Any CPU.ActiveCfg = Debug|Any CPU
		{01DD0957-C884-4DD0-BE5A-8B9F8D7DF186}.Debug|Any CPU.Build.0 = Debug|Any CPU
		{01DD0957-C884-4DD0-BE5A-8B9F8D7DF186}.Release|Any CPU.ActiveCfg = Release|Any CPU
		{01DD0957-C884-4DD0-BE5A-8B9F8D7DF186}.Release|Any CPU.Build.0 = Release|Any CPU
		{601CDE8B-48BC-4AC6-BC5E-8DC3E3DB9D34}.Debug|Any CPU.ActiveCfg = Debug|Any CPU
		{601CDE8B-48BC-4AC6-BC5E-8DC3E3DB9D34}.Debug|Any CPU.Build.0 = Debug|Any CPU
		{601CDE8B-48BC-4AC6-BC5E-8DC3E3DB9D34}.Release|Any CPU.ActiveCfg = Release|Any CPU
		{601CDE8B-48BC-4AC6-BC5E-8DC3E3DB9D34}.Release|Any CPU.Build.0 = Release|Any CPU
		{F93D739B-9E24-417E-87D6-F1D051296549}.Debug|Any CPU.ActiveCfg = Debug|Any CPU
		{F93D739B-9E24-417E-87D6-F1D051296549}.Debug|Any CPU.Build.0 = Debug|Any CPU
		{F93D739B-9E24-417E-87D6-F1D051296549}.Release|Any CPU.ActiveCfg = Release|Any CPU
		{F93D739B-9E24-417E-87D6-F1D051296549}.Release|Any CPU.Build.0 = Release|Any CPU
		{5EF830BE-7563-428A-B1C8-9C540A5D8052}.Debug|Any CPU.ActiveCfg = Debug|Any CPU
		{5EF830BE-7563-428A-B1C8-9C540A5D8052}.Debug|Any CPU.Build.0 = Debug|Any CPU
		{5EF830BE-7563-428A-B1C8-9C540A5D8052}.Release|Any CPU.ActiveCfg = Release|Any CPU
		{5EF830BE-7563-428A-B1C8-9C540A5D8052}.Release|Any CPU.Build.0 = Release|Any CPU
		{AF08326C-BC22-4445-9128-134FC0D441CB}.Debug|Any CPU.ActiveCfg = Debug|Any CPU
		{AF08326C-BC22-4445-9128-134FC0D441CB}.Debug|Any CPU.Build.0 = Debug|Any CPU
		{AF08326C-BC22-4445-9128-134FC0D441CB}.Release|Any CPU.ActiveCfg = Release|Any CPU
		{AF08326C-BC22-4445-9128-134FC0D441CB}.Release|Any CPU.Build.0 = Release|Any CPU
		{A7D027A1-DAB7-49E5-B974-030D4BEDE826}.Debug|Any CPU.ActiveCfg = Debug|Any CPU
		{A7D027A1-DAB7-49E5-B974-030D4BEDE826}.Debug|Any CPU.Build.0 = Debug|Any CPU
		{A7D027A1-DAB7-49E5-B974-030D4BEDE826}.Release|Any CPU.ActiveCfg = Release|Any CPU
		{A7D027A1-DAB7-49E5-B974-030D4BEDE826}.Release|Any CPU.Build.0 = Release|Any CPU
		{EC3E28D4-FC99-410A-8E4B-7FE8FF5ECAB2}.Debug|Any CPU.ActiveCfg = Debug|Any CPU
		{EC3E28D4-FC99-410A-8E4B-7FE8FF5ECAB2}.Debug|Any CPU.Build.0 = Debug|Any CPU
		{EC3E28D4-FC99-410A-8E4B-7FE8FF5ECAB2}.Release|Any CPU.ActiveCfg = Release|Any CPU
		{EC3E28D4-FC99-410A-8E4B-7FE8FF5ECAB2}.Release|Any CPU.Build.0 = Release|Any CPU
	EndGlobalSection
	GlobalSection(SolutionProperties) = preSolution
		HideSolutionNode = FALSE
	EndGlobalSection
	GlobalSection(NestedProjects) = preSolution
		{9E70F618-E6D0-4045-B191-4EBC7B33CCED} = {F6DFAE66-832F-409B-ABF3-E7B1A0807742}
		{5C5E0CE6-04F9-4876-91E2-50C48E5904CB} = {80BC2EFC-D13A-4AF5-92FA-8E94167FE1BC}
		{01DD0957-C884-4DD0-BE5A-8B9F8D7DF186} = {39370E9B-7CB6-4567-AF92-1CF7ADD700BA}
		{601CDE8B-48BC-4AC6-BC5E-8DC3E3DB9D34} = {AE7C2733-1D93-4894-84E6-3710AEDDB7C5}
		{F93D739B-9E24-417E-87D6-F1D051296549} = {F4ED4598-C562-42D7-BCB7-ADF40335E811}
		{5EF830BE-7563-428A-B1C8-9C540A5D8052} = {01E5B263-D63F-424E-A860-F97E6605833A}
		{AF08326C-BC22-4445-9128-134FC0D441CB} = {047A8D07-C19E-4292-8E08-62787F3BC838}
		{AE7C2733-1D93-4894-84E6-3710AEDDB7C5} = {DA7DB318-7867-4E02-A750-54F1D6D2C169}
		{047A8D07-C19E-4292-8E08-62787F3BC838} = {DA7DB318-7867-4E02-A750-54F1D6D2C169}
		{F4ED4598-C562-42D7-BCB7-ADF40335E811} = {DA7DB318-7867-4E02-A750-54F1D6D2C169}
		{A7D027A1-DAB7-49E5-B974-030D4BEDE826} = {F4ED4598-C562-42D7-BCB7-ADF40335E811}
		{B425EE00-1D2E-4656-ACF0-F47C7EB24312} = {DA7DB318-7867-4E02-A750-54F1D6D2C169}
		{EC3E28D4-FC99-410A-8E4B-7FE8FF5ECAB2} = {B425EE00-1D2E-4656-ACF0-F47C7EB24312}
	EndGlobalSection
	GlobalSection(ExtensibilityGlobals) = postSolution
		SolutionGuid = {7277FCD1-4CB1-4147-8E49-6B9314C91FBE}
	EndGlobalSection
EndGlobal
